PODS:
  - FlutterMacOS (1.0.0)
  - gamepads_darwin (0.0.1):
    - FlutterMacOS

DEPENDENCIES:
  - FlutterMacOS (from `Flutter/ephemeral`)
  - gamepads_darwin (from `Flutter/ephemeral/.symlinks/plugins/gamepads_darwin/macos`)

EXTERNAL SOURCES:
  FlutterMacOS:
    :path: Flutter/ephemeral
  gamepads_darwin:
    :path: Flutter/ephemeral/.symlinks/plugins/gamepads_darwin/macos

SPEC CHECKSUMS:
  FlutterMacOS: 8f6f14fa908a6fb3fba0cd85dbd81ec4b251fb24
  gamepads_darwin: a41ed976610d94faace1821c306a173e3ac55c3a

PODFILE CHECKSUM: d7fb2b94d35968d50ae9f2d54c5701e9d7e9a8d5

COCOAPODS: 1.15.2
