PODS:
  - flutter_soloud (0.0.1):
    - FlutterMacOS
  - FlutterMacOS (1.0.0)
  - gamepads_darwin (0.1.1):
    - FlutterMacOS

DEPENDENCIES:
  - flutter_soloud (from `Flutter/ephemeral/.symlinks/plugins/flutter_soloud/macos`)
  - FlutterMacOS (from `Flutter/ephemeral`)
  - gamepads_darwin (from `Flutter/ephemeral/.symlinks/plugins/gamepads_darwin/macos`)

EXTERNAL SOURCES:
  flutter_soloud:
    :path: Flutter/ephemeral/.symlinks/plugins/flutter_soloud/macos
  FlutterMacOS:
    :path: Flutter/ephemeral
  gamepads_darwin:
    :path: Flutter/ephemeral/.symlinks/plugins/gamepads_darwin/macos

SPEC CHECKSUMS:
  flutter_soloud: 0bab65fa82821817a70b77feed500bae4774cb6d
  FlutterMacOS: d0db08ddef1a9af05a5ec4b724367152bb0500b1
  gamepads_darwin: 643b6a69e20ca678fae83781b7f7fc8f15f5d710

PODFILE CHECKSUM: d7fb2b94d35968d50ae9f2d54c5701e9d7e9a8d5

COCOAPODS: 1.16.2
