PODS:
  - arkit_plugin (0.0.1):
    - Flutter
    - GLTFSceneKit
  - Flutter (1.0.0)
  - GLTFSceneKit (0.3.0)

DEPENDENCIES:
  - arkit_plugin (from `.symlinks/plugins/arkit_plugin/ios`)
  - Flutter (from `Flutter`)

SPEC REPOS:
  trunk:
    - GLTFSceneKit

EXTERNAL SOURCES:
  arkit_plugin:
    :path: ".symlinks/plugins/arkit_plugin/ios"
  Flutter:
    :path: Flutter

SPEC CHECKSUMS:
  arkit_plugin: bb56e71ef215147316ecf3774d5cb74beda20a10
  Flutter: f04841e97a9d0b0a8025694d0796dd46242b2854
  GLTFSceneKit: d1b437c514ba2aed5555afb0fddd64e030612d57

PODFILE CHECKSUM: 70d9d25280d0dd177a5f637cdb0f0b0b12c6a189

COCOAPODS: 1.12.1
